// !$*UTF8*$!
{
	archiveVersion = 1;
	classes = {
	};
	objectVersion = 46;
	objects = {

/* Begin PBXBuildFile section */
		A72A91C21D6EA7F300768BE6 /* AppDelegate.swift in Sources */ = {isa = PBXBuildFile; fileRef = A72A91C11D6EA7F300768BE6 /* AppDelegate.swift */; };
		A72A91C41D6EA7F300768BE6 /* Assets.xcassets in Resources */ = {isa = PBXBuildFile; fileRef = A72A91C31D6EA7F300768BE6 /* Assets.xcassets */; };
		A72A91C71D6EA7F300768BE6 /* MainMenu.xib in Resources */ = {isa = PBXBuildFile; fileRef = A72A91C51D6EA7F300768BE6 /* MainMenu.xib */; };
		A72A91CF1D6EA8EA00768BE6 /* Calculator.swift in Sources */ = {isa = PBXBuildFile; fileRef = A72A91CE1D6EA8EA00768BE6 /* Calculator.swift */; };
/* End PBXBuildFile section */

/* Begin PBXFileReference section */
		A72A91BE1D6EA7F300768BE6 /* Day003.app */ = {isa = PBXFileReference; explicitFileType = wrapper.application; includeInIndex = 0; path = Day003.app; sourceTree = BUILT_PRODUCTS_DIR; };
		A72A91C11D6EA7F300768BE6 /* AppDelegate.swift */ = {isa = PBXFileReference; lastKnownFileType = sourcecode.swift; path = AppDelegate.swift; sourceTree = "<group>"; };
		A72A91C31D6EA7F300768BE6 /* Assets.xcassets */ = {isa = PBXFileReference; lastKnownFileType = folder.assetcatalog; path = Assets.xcassets; sourceTree = "<group>"; };
		A72A91C61D6EA7F300768BE6 /* Base */ = {isa = PBXFileReference; lastKnownFileType = file.xib; name = Base; path = Base.lproj/MainMenu.xib; sourceTree = "<group>"; };
		A72A91C81D6EA7F300768BE6 /* Info.plist */ = {isa = PBXFileReference; lastKnownFileType = text.plist.xml; path = Info.plist; sourceTree = "<group>"; };
		A72A91CE1D6EA8EA00768BE6 /* Calculator.swift */ = {isa = PBXFileReference; fileEncoding = 4; lastKnownFileType = sourcecode.swift; path = Calculator.swift; sourceTree = "<group>"; };
/* End PBXFileReference section */

/* Begin PBXFrameworksBuildPhase section */
		A72A91BB1D6EA7F300768BE6 /* Frameworks */ = {
			isa = PBXFrameworksBuildPhase;
			buildActionMask = 2147483647;
			files = (
			);
			runOnlyForDeploymentPostprocessing = 0;
		};
/* End PBXFrameworksBuildPhase section */

/* Begin PBXGroup section */
		A72A91B51D6EA7F300768BE6 = {
			isa = PBXGroup;
			children = (
				A72A91C01D6EA7F300768BE6 /* Day003 */,
				A72A91BF1D6EA7F300768BE6 /* Products */,
			);
			sourceTree = "<group>";
		};
		A72A91BF1D6EA7F300768BE6 /* Products */ = {
			isa = PBXGroup;
			children = (
				A72A91BE1D6EA7F300768BE6 /* Day003.app */,
			);
			name = Products;
			sourceTree = "<group>";
		};
		A72A91C01D6EA7F300768BE6 /* Day003 */ = {
			isa = PBXGroup;
			children = (
				A72A91CE1D6EA8EA00768BE6 /* Calculator.swift */,
				A72A91C11D6EA7F300768BE6 /* AppDelegate.swift */,
				A72A91C31D6EA7F300768BE6 /* Assets.xcassets */,
				A72A91C51D6EA7F300768BE6 /* MainMenu.xib */,
				A72A91C81D6EA7F300768BE6 /* Info.plist */,
			);
			path = Day003;
			sourceTree = "<group>";
		};
/* End PBXGroup section */

/* Begin PBXNativeTarget section */
		A72A91BD1D6EA7F300768BE6 /* Day003 */ = {
			isa = PBXNativeTarget;
			buildConfigurationList = A72A91CB1D6EA7F300768BE6 /* Build configuration list for PBXNativeTarget "Day003" */;
			buildPhases = (
				A72A91BA1D6EA7F300768BE6 /* Sources */,
				A72A91BB1D6EA7F300768BE6 /* Frameworks */,
				A72A91BC1D6EA7F300768BE6 /* Resources */,
			);
			buildRules = (
			);
			dependencies = (
			);
			name = Day003;
			productName = Day003;
			productReference = A72A91BE1D6EA7F300768BE6 /* Day003.app */;
			productType = "com.apple.product-type.application";
		};
/* End PBXNativeTarget section */

/* Begin PBXProject section */
		A72A91B61D6EA7F300768BE6 /* Project object */ = {
			isa = PBXProject;
			attributes = {
				LastSwiftUpdateCheck = 0730;
				LastUpgradeCheck = 0730;
				ORGANIZATIONNAME = keefo;
				TargetAttributes = {
					A72A91BD1D6EA7F300768BE6 = {
						CreatedOnToolsVersion = 7.3.1;
					};
				};
			};
			buildConfigurationList = A72A91B91D6EA7F300768BE6 /* Build configuration list for PBXProject "Day003" */;
			compatibilityVersion = "Xcode 3.2";
			developmentRegion = English;
			hasScannedForEncodings = 0;
			knownRegions = (
				en,
				Base,
			);
			mainGroup = A72A91B51D6EA7F300768BE6;
			productRefGroup = A72A91BF1D6EA7F300768BE6 /* Products */;
			projectDirPath = "";
			projectRoot = "";
			targets = (
				A72A91BD1D6EA7F300768BE6 /* Day003 */,
			);
		};
/* End PBXProject section */

/* Begin PBXResourcesBuildPhase section */
		A72A91BC1D6EA7F300768BE6 /* Resources */ = {
			isa = PBXResourcesBuildPhase;
			buildActionMask = 2147483647;
			files = (
				A72A91C41D6EA7F300768BE6 /* Assets.xcassets in Resources */,
				A72A91C71D6EA7F300768BE6 /* MainMenu.xib in Resources */,
			);
			runOnlyForDeploymentPostprocessing = 0;
		};
/* End PBXResourcesBuildPhase section */

/* Begin PBXSourcesBuildPhase section */
		A72A91BA1D6EA7F300768BE6 /* Sources */ = {
			isa = PBXSourcesBuildPhase;
			buildActionMask = 2147483647;
			files = (
				A72A91C21D6EA7F300768BE6 /* AppDelegate.swift in Sources */,
				A72A91CF1D6EA8EA00768BE6 /* Calculator.swift in Sources */,
			);
			runOnlyForDeploymentPostprocessing = 0;
		};
/* End PBXSourcesBuildPhase section */

/* Begin PBXVariantGroup section */
		A72A91C51D6EA7F300768BE6 /* MainMenu.xib */ = {
			isa = PBXVariantGroup;
			children = (
				A72A91C61D6EA7F300768BE6 /* Base */,
			);
			name = MainMenu.xib;
			sourceTree = "<group>";
		};
/* End PBXVariantGroup section */

/* Begin XCBuildConfiguration section */
		A72A91C91D6EA7F300768BE6 /* Debug */ = {
			isa = XCBuildConfiguration;
			buildSettings = {
				ALWAYS_SEARCH_USER_PATHS = NO;
				CLANG_ANALYZER_NONNULL = YES;
				CLANG_CXX_LANGUAGE_STANDARD = "gnu++0x";
				CLANG_CXX_LIBRARY = "libc++";
				CLANG_ENABLE_MODULES = YES;
				CLANG_ENABLE_OBJC_ARC = YES;
				CLANG_WARN_BOOL_CONVERSION = YES;
				CLANG_WARN_CONSTANT_CONVERSION = YES;
				CLANG_WARN_DIRECT_OBJC_ISA_USAGE = YES_ERROR;
				CLANG_WARN_EMPTY_BODY = YES;
				CLANG_WARN_ENUM_CONVERSION = YES;
				CLANG_WARN_INT_CONVERSION = YES;
				CLANG_WARN_OBJC_ROOT_CLASS = YES_ERROR;
				CLANG_WARN_UNREACHABLE_CODE = YES;
				CLANG_WARN__DUPLICATE_METHOD_MATCH = YES;
				CODE_SIGN_IDENTITY = "-";
				COPY_PHASE_STRIP = NO;
				DEBUG_INFORMATION_FORMAT = dwarf;
				ENABLE_STRICT_OBJC_MSGSEND = YES;
				ENABLE_TESTABILITY = YES;
				GCC_C_LANGUAGE_STANDARD = gnu99;
				GCC_DYNAMIC_NO_PIC = NO;
				GCC_NO_COMMON_BLOCKS = YES;
				GCC_OPTIMIZATION_LEVEL = 0;
				GCC_PREPROCESSOR_DEFINITIONS = (
					"DEBUG=1",
					"$(inherited)",
				);
				GCC_WARN_64_TO_32_BIT_CONVERSION = YES;
				GCC_WARN_ABOUT_RETURN_TYPE = YES_ERROR;
				GCC_WARN_UNDECLARED_SELECTOR = YES;
				GCC_WARN_UNINITIALIZED_AUTOS = YES_AGGRESSIVE;
				GCC_WARN_UNUSED_FUNCTION = YES;
				GCC_WARN_UNUSED_VARIABLE = YES;
				MACOSX_DEPLOYMENT_TARGET = 10.11;
				MTL_ENABLE_DEBUG_INFO = YES;
				ONLY_ACTIVE_ARCH = YES;
				SDKROOT = macosx;
				SWIFT_OPTIMIZATION_LEVEL = "-Onone";
			};
			name = Debug;
		};
		A72A91CA1D6EA7F300768BE6 /* Release */ = {
			isa = XCBuildConfiguration;
			buildSettings = {
				ALWAYS_SEARCH_USER_PATHS = NO;
				CLANG_ANALYZER_NONNULL = YES;
				CLANG_CXX_LANGUAGE_STANDARD = "gnu++0x";
				CLANG_CXX_LIBRARY = "libc++";
				CLANG_ENABLE_MODULES = YES;
				CLANG_ENABLE_OBJC_ARC = YES;
				CLANG_WARN_BOOL_CONVERSION = YES;
				CLANG_WARN_CONSTANT_CONVERSION = YES;
				CLANG_WARN_DIRECT_OBJC_ISA_USAGE = YES_ERROR;
				CLANG_WARN_EMPTY_BODY = YES;
				CLANG_WARN_ENUM_CONVERSION = YES;
				CLANG_WARN_INT_CONVERSION = YES;
				CLANG_WARN_OBJC_ROOT_CLASS = YES_ERROR;
				CLANG_WARN_UNREACHABLE_CODE = YES;
				CLANG_WARN__DUPLICATE_METHOD_MATCH = YES;
				CODE_SIGN_IDENTITY = "-";
				COPY_PHASE_STRIP = NO;
				DEBUG_INFORMATION_FORMAT = "dwarf-with-dsym";
				ENABLE_NS_ASSERTIONS = NO;
				ENABLE_STRICT_OBJC_MSGSEND = YES;
				GCC_C_LANGUAGE_STANDARD = gnu99;
				GCC_NO_COMMON_BLOCKS = YES;
				GCC_WARN_64_TO_32_BIT_CONVERSION = YES;
				GCC_WARN_ABOUT_RETURN_TYPE = YES_ERROR;
				GCC_WARN_UNDECLARED_SELECTOR = YES;
				GCC_WARN_UNINITIALIZED_AUTOS = YES_AGGRESSIVE;
				GCC_WARN_UNUSED_FUNCTION = YES;
				GCC_WARN_UNUSED_VARIABLE = YES;
				MACOSX_DEPLOYMENT_TARGET = 10.11;
				MTL_ENABLE_DEBUG_INFO = NO;
				SDKROOT = macosx;
			};
			name = Release;
		};
		A72A91CC1D6EA7F300768BE6 /* Debug */ = {
			isa = XCBuildConfiguration;
			buildSettings = {
				ASSETCATALOG_COMPILER_APPICON_NAME = AppIcon;
				COMBINE_HIDPI_IMAGES = YES;
				INFOPLIST_FILE = Day003/Info.plist;
				LD_RUNPATH_SEARCH_PATHS = "$(inherited) @executable_path/../Frameworks";
				PRODUCT_BUNDLE_IDENTIFIER = com.keefo.Day003;
				PRODUCT_NAME = "$(TARGET_NAME)";
			};
			name = Debug;
		};
		A72A91CD1D6EA7F300768BE6 /* Release */ = {
			isa = XCBuildConfiguration;
			buildSettings = {
				ASSETCATALOG_COMPILER_APPICON_NAME = AppIcon;
				COMBINE_HIDPI_IMAGES = YES;
				INFOPLIST_FILE = Day003/Info.plist;
				LD_RUNPATH_SEARCH_PATHS = "$(inherited) @executable_path/../Frameworks";
				PRODUCT_BUNDLE_IDENTIFIER = com.keefo.Day003;
				PRODUCT_NAME = "$(TARGET_NAME)";
			};
			name = Release;
		};
/* End XCBuildConfiguration section */

/* Begin XCConfigurationList section */
		A72A91B91D6EA7F300768BE6 /* Build configuration list for PBXProject "Day003" */ = {
			isa = XCConfigurationList;
			buildConfigurations = (
				A72A91C91D6EA7F300768BE6 /* Debug */,
				A72A91CA1D6EA7F300768BE6 /* Release */,
			);
			defaultConfigurationIsVisible = 0;
			defaultConfigurationName = Release;
		};
		A72A91CB1D6EA7F300768BE6 /* Build configuration list for PBXNativeTarget "Day003" */ = {
			isa = XCConfigurationList;
			buildConfigurations = (
				A72A91CC1D6EA7F300768BE6 /* Debug */,
				A72A91CD1D6EA7F300768BE6 /* Release */,
			);
			defaultConfigurationIsVisible = 0;
		};
/* End XCConfigurationList section */
	};
	rootObject = A72A91B61D6EA7F300768BE6 /* Project object */;
}
