// !$*UTF8*$!
{
	archiveVersion = 1;
	classes = {
	};
	objectVersion = 46;
	objects = {

/* Begin PBXBuildFile section */
		A72CF7161D6B8455006F4E08 /* AppDelegate.swift in Sources */ = {isa = PBXBuildFile; fileRef = A72CF7151D6B8455006F4E08 /* AppDelegate.swift */; };
		A72CF7181D6B8455006F4E08 /* Assets.xcassets in Resources */ = {isa = PBXBuildFile; fileRef = A72CF7171D6B8455006F4E08 /* Assets.xcassets */; };
		A72CF71B1D6B8455006F4E08 /* MainMenu.xib in Resources */ = {isa = PBXBuildFile; fileRef = A72CF7191D6B8455006F4E08 /* MainMenu.xib */; };
/* End PBXBuildFile section */

/* Begin PBXFileReference section */
		A72CF7121D6B8455006F4E08 /* Day002.app */ = {isa = PBXFileReference; explicitFileType = wrapper.application; includeInIndex = 0; path = Day002.app; sourceTree = BUILT_PRODUCTS_DIR; };
		A72CF7151D6B8455006F4E08 /* AppDelegate.swift */ = {isa = PBXFileReference; lastKnownFileType = sourcecode.swift; path = AppDelegate.swift; sourceTree = "<group>"; };
		A72CF7171D6B8455006F4E08 /* Assets.xcassets */ = {isa = PBXFileReference; lastKnownFileType = folder.assetcatalog; path = Assets.xcassets; sourceTree = "<group>"; };
		A72CF71A1D6B8455006F4E08 /* Base */ = {isa = PBXFileReference; lastKnownFileType = file.xib; name = Base; path = Base.lproj/MainMenu.xib; sourceTree = "<group>"; };
		A72CF71C1D6B8455006F4E08 /* Info.plist */ = {isa = PBXFileReference; lastKnownFileType = text.plist.xml; path = Info.plist; sourceTree = "<group>"; };
/* End PBXFileReference section */

/* Begin PBXFrameworksBuildPhase section */
		A72CF70F1D6B8455006F4E08 /* Frameworks */ = {
			isa = PBXFrameworksBuildPhase;
			buildActionMask = 2147483647;
			files = (
			);
			runOnlyForDeploymentPostprocessing = 0;
		};
/* End PBXFrameworksBuildPhase section */

/* Begin PBXGroup section */
		A72CF7091D6B8455006F4E08 = {
			isa = PBXGroup;
			children = (
				A72CF7141D6B8455006F4E08 /* Day002 */,
				A72CF7131D6B8455006F4E08 /* Products */,
			);
			sourceTree = "<group>";
		};
		A72CF7131D6B8455006F4E08 /* Products */ = {
			isa = PBXGroup;
			children = (
				A72CF7121D6B8455006F4E08 /* Day002.app */,
			);
			name = Products;
			sourceTree = "<group>";
		};
		A72CF7141D6B8455006F4E08 /* Day002 */ = {
			isa = PBXGroup;
			children = (
				A72CF7151D6B8455006F4E08 /* AppDelegate.swift */,
				A72CF7171D6B8455006F4E08 /* Assets.xcassets */,
				A72CF7191D6B8455006F4E08 /* MainMenu.xib */,
				A72CF71C1D6B8455006F4E08 /* Info.plist */,
			);
			path = Day002;
			sourceTree = "<group>";
		};
/* End PBXGroup section */

/* Begin PBXNativeTarget section */
		A72CF7111D6B8455006F4E08 /* Day002 */ = {
			isa = PBXNativeTarget;
			buildConfigurationList = A72CF71F1D6B8455006F4E08 /* Build configuration list for PBXNativeTarget "Day002" */;
			buildPhases = (
				A72CF70E1D6B8455006F4E08 /* Sources */,
				A72CF70F1D6B8455006F4E08 /* Frameworks */,
				A72CF7101D6B8455006F4E08 /* Resources */,
			);
			buildRules = (
			);
			dependencies = (
			);
			name = Day002;
			productName = Day002;
			productReference = A72CF7121D6B8455006F4E08 /* Day002.app */;
			productType = "com.apple.product-type.application";
		};
/* End PBXNativeTarget section */

/* Begin PBXProject section */
		A72CF70A1D6B8455006F4E08 /* Project object */ = {
			isa = PBXProject;
			attributes = {
				LastSwiftUpdateCheck = 0730;
				LastUpgradeCheck = 0730;
				ORGANIZATIONNAME = liam;
				TargetAttributes = {
					A72CF7111D6B8455006F4E08 = {
						CreatedOnToolsVersion = 7.3.1;
					};
				};
			};
			buildConfigurationList = A72CF70D1D6B8455006F4E08 /* Build configuration list for PBXProject "Day002" */;
			compatibilityVersion = "Xcode 3.2";
			developmentRegion = English;
			hasScannedForEncodings = 0;
			knownRegions = (
				en,
				Base,
			);
			mainGroup = A72CF7091D6B8455006F4E08;
			productRefGroup = A72CF7131D6B8455006F4E08 /* Products */;
			projectDirPath = "";
			projectRoot = "";
			targets = (
				A72CF7111D6B8455006F4E08 /* Day002 */,
			);
		};
/* End PBXProject section */

/* Begin PBXResourcesBuildPhase section */
		A72CF7101D6B8455006F4E08 /* Resources */ = {
			isa = PBXResourcesBuildPhase;
			buildActionMask = 2147483647;
			files = (
				A72CF7181D6B8455006F4E08 /* Assets.xcassets in Resources */,
				A72CF71B1D6B8455006F4E08 /* MainMenu.xib in Resources */,
			);
			runOnlyForDeploymentPostprocessing = 0;
		};
/* End PBXResourcesBuildPhase section */

/* Begin PBXSourcesBuildPhase section */
		A72CF70E1D6B8455006F4E08 /* Sources */ = {
			isa = PBXSourcesBuildPhase;
			buildActionMask = 2147483647;
			files = (
				A72CF7161D6B8455006F4E08 /* AppDelegate.swift in Sources */,
			);
			runOnlyForDeploymentPostprocessing = 0;
		};
/* End PBXSourcesBuildPhase section */

/* Begin PBXVariantGroup section */
		A72CF7191D6B8455006F4E08 /* MainMenu.xib */ = {
			isa = PBXVariantGroup;
			children = (
				A72CF71A1D6B8455006F4E08 /* Base */,
			);
			name = MainMenu.xib;
			sourceTree = "<group>";
		};
/* End PBXVariantGroup section */

/* Begin XCBuildConfiguration section */
		A72CF71D1D6B8455006F4E08 /* Debug */ = {
			isa = XCBuildConfiguration;
			buildSettings = {
				ALWAYS_SEARCH_USER_PATHS = NO;
				CLANG_ANALYZER_NONNULL = YES;
				CLANG_CXX_LANGUAGE_STANDARD = "gnu++0x";
				CLANG_CXX_LIBRARY = "libc++";
				CLANG_ENABLE_MODULES = YES;
				CLANG_ENABLE_OBJC_ARC = YES;
				CLANG_WARN_BOOL_CONVERSION = YES;
				CLANG_WARN_CONSTANT_CONVERSION = YES;
				CLANG_WARN_DIRECT_OBJC_ISA_USAGE = YES_ERROR;
				CLANG_WARN_EMPTY_BODY = YES;
				CLANG_WARN_ENUM_CONVERSION = YES;
				CLANG_WARN_INT_CONVERSION = YES;
				CLANG_WARN_OBJC_ROOT_CLASS = YES_ERROR;
				CLANG_WARN_UNREACHABLE_CODE = YES;
				CLANG_WARN__DUPLICATE_METHOD_MATCH = YES;
				CODE_SIGN_IDENTITY = "-";
				COPY_PHASE_STRIP = NO;
				DEBUG_INFORMATION_FORMAT = dwarf;
				ENABLE_STRICT_OBJC_MSGSEND = YES;
				ENABLE_TESTABILITY = YES;
				GCC_C_LANGUAGE_STANDARD = gnu99;
				GCC_DYNAMIC_NO_PIC = NO;
				GCC_NO_COMMON_BLOCKS = YES;
				GCC_OPTIMIZATION_LEVEL = 0;
				GCC_PREPROCESSOR_DEFINITIONS = (
					"DEBUG=1",
					"$(inherited)",
				);
				GCC_WARN_64_TO_32_BIT_CONVERSION = YES;
				GCC_WARN_ABOUT_RETURN_TYPE = YES_ERROR;
				GCC_WARN_UNDECLARED_SELECTOR = YES;
				GCC_WARN_UNINITIALIZED_AUTOS = YES_AGGRESSIVE;
				GCC_WARN_UNUSED_FUNCTION = YES;
				GCC_WARN_UNUSED_VARIABLE = YES;
				MACOSX_DEPLOYMENT_TARGET = 10.11;
				MTL_ENABLE_DEBUG_INFO = YES;
				ONLY_ACTIVE_ARCH = YES;
				SDKROOT = macosx;
				SWIFT_OPTIMIZATION_LEVEL = "-Onone";
			};
			name = Debug;
		};
		A72CF71E1D6B8455006F4E08 /* Release */ = {
			isa = XCBuildConfiguration;
			buildSettings = {
				ALWAYS_SEARCH_USER_PATHS = NO;
				CLANG_ANALYZER_NONNULL = YES;
				CLANG_CXX_LANGUAGE_STANDARD = "gnu++0x";
				CLANG_CXX_LIBRARY = "libc++";
				CLANG_ENABLE_MODULES = YES;
				CLANG_ENABLE_OBJC_ARC = YES;
				CLANG_WARN_BOOL_CONVERSION = YES;
				CLANG_WARN_CONSTANT_CONVERSION = YES;
				CLANG_WARN_DIRECT_OBJC_ISA_USAGE = YES_ERROR;
				CLANG_WARN_EMPTY_BODY = YES;
				CLANG_WARN_ENUM_CONVERSION = YES;
				CLANG_WARN_INT_CONVERSION = YES;
				CLANG_WARN_OBJC_ROOT_CLASS = YES_ERROR;
				CLANG_WARN_UNREACHABLE_CODE = YES;
				CLANG_WARN__DUPLICATE_METHOD_MATCH = YES;
				CODE_SIGN_IDENTITY = "-";
				COPY_PHASE_STRIP = NO;
				DEBUG_INFORMATION_FORMAT = "dwarf-with-dsym";
				ENABLE_NS_ASSERTIONS = NO;
				ENABLE_STRICT_OBJC_MSGSEND = YES;
				GCC_C_LANGUAGE_STANDARD = gnu99;
				GCC_NO_COMMON_BLOCKS = YES;
				GCC_WARN_64_TO_32_BIT_CONVERSION = YES;
				GCC_WARN_ABOUT_RETURN_TYPE = YES_ERROR;
				GCC_WARN_UNDECLARED_SELECTOR = YES;
				GCC_WARN_UNINITIALIZED_AUTOS = YES_AGGRESSIVE;
				GCC_WARN_UNUSED_FUNCTION = YES;
				GCC_WARN_UNUSED_VARIABLE = YES;
				MACOSX_DEPLOYMENT_TARGET = 10.11;
				MTL_ENABLE_DEBUG_INFO = NO;
				SDKROOT = macosx;
			};
			name = Release;
		};
		A72CF7201D6B8455006F4E08 /* Debug */ = {
			isa = XCBuildConfiguration;
			buildSettings = {
				ASSETCATALOG_COMPILER_APPICON_NAME = AppIcon;
				COMBINE_HIDPI_IMAGES = YES;
				INFOPLIST_FILE = Day002/Info.plist;
				LD_RUNPATH_SEARCH_PATHS = "$(inherited) @executable_path/../Frameworks";
				PRODUCT_BUNDLE_IDENTIFIER = com.liam.Day002;
				PRODUCT_NAME = "$(TARGET_NAME)";
			};
			name = Debug;
		};
		A72CF7211D6B8455006F4E08 /* Release */ = {
			isa = XCBuildConfiguration;
			buildSettings = {
				ASSETCATALOG_COMPILER_APPICON_NAME = AppIcon;
				COMBINE_HIDPI_IMAGES = YES;
				INFOPLIST_FILE = Day002/Info.plist;
				LD_RUNPATH_SEARCH_PATHS = "$(inherited) @executable_path/../Frameworks";
				PRODUCT_BUNDLE_IDENTIFIER = com.liam.Day002;
				PRODUCT_NAME = "$(TARGET_NAME)";
			};
			name = Release;
		};
/* End XCBuildConfiguration section */

/* Begin XCConfigurationList section */
		A72CF70D1D6B8455006F4E08 /* Build configuration list for PBXProject "Day002" */ = {
			isa = XCConfigurationList;
			buildConfigurations = (
				A72CF71D1D6B8455006F4E08 /* Debug */,
				A72CF71E1D6B8455006F4E08 /* Release */,
			);
			defaultConfigurationIsVisible = 0;
			defaultConfigurationName = Release;
		};
		A72CF71F1D6B8455006F4E08 /* Build configuration list for PBXNativeTarget "Day002" */ = {
			isa = XCConfigurationList;
			buildConfigurations = (
				A72CF7201D6B8455006F4E08 /* Debug */,
				A72CF7211D6B8455006F4E08 /* Release */,
			);
			defaultConfigurationIsVisible = 0;
		};
/* End XCConfigurationList section */
	};
	rootObject = A72CF70A1D6B8455006F4E08 /* Project object */;
}
